
Microsoft Visual Studio Solution File, Format Version 12.00
Project("{FAE04EC0-301F-11D3-BF4B-00C04F79EFBC}") = "Mission1", "Mission1\Mission1.csproj", "{3E0634E5-E903-4AC9-8E21-FE4251B676D5}"
EndProject
Global
	GlobalSection(SolutionConfigurationPlatforms) = preSolution
		Debug|Any CPU = Debug|Any CPU
		Release|Any CPU = Release|Any CPU
	EndGlobalSection
	GlobalSection(ProjectConfigurationPlatforms) = postSolution
		{3E0634E5-E903-4AC9-8E21-FE4251B676D5}.Debug|Any CPU.ActiveCfg = Debug|Any CPU
		{3E0634E5-E903-4AC9-8E21-FE4251B676D5}.Debug|Any CPU.Build.0 = Debug|Any CPU
		{3E0634E5-E903-4AC9-8E21-FE4251B676D5}.Release|Any CPU.ActiveCfg = Release|Any CPU
		{3E0634E5-E903-4AC9-8E21-FE4251B676D5}.Release|Any CPU.Build.0 = Release|Any CPU
	EndGlobalSection
EndGlobal
